
Microsoft Visual Studio Solution File, Format Version 12.00
# Visual Studio Version 16
VisualStudioVersion = 16.0.31019.35
MinimumVisualStudioVersion = 10.0.40219.1
Project("{FAE04EC0-301F-11D3-BF4B-00C04F79EFBC}") = "Search in sorted rotated array", "Search in sorted rotated array\Search in sorted rotated array.csproj", "{21DECDF1-5098-4EFD-A769-C39CF9E74F30}"
EndProject
Global
	GlobalSection(SolutionConfigurationPlatforms) = preSolution
		Debug|Any CPU = Debug|Any CPU
		Release|Any CPU = Release|Any CPU
	EndGlobalSection
	GlobalSection(ProjectConfigurationPlatforms) = postSolution
		{21DECDF1-5098-4EFD-A769-C39CF9E74F30}.Debug|Any CPU.ActiveCfg = Debug|Any CPU
		{21DECDF1-5098-4EFD-A769-C39CF9E74F30}.Debug|Any CPU.Build.0 = Debug|Any CPU
		{21DECDF1-5098-4EFD-A769-C39CF9E74F30}.Release|Any CPU.ActiveCfg = Release|Any CPU
		{21DECDF1-5098-4EFD-A769-C39CF9E74F30}.Release|Any CPU.Build.0 = Release|Any CPU
	EndGlobalSection
	GlobalSection(SolutionProperties) = preSolution
		HideSolutionNode = FALSE
	EndGlobalSection
	GlobalSection(ExtensibilityGlobals) = postSolution
		SolutionGuid = {6DDF1667-9362-4FB4-B59C-CE9148A2611B}
	EndGlobalSection
EndGlobal
